
Microsoft Visual Studio Solution File, Format Version 12.00
# Visual Studio Version 16
VisualStudioVersion = 16.0.31112.23
MinimumVisualStudioVersion = 10.0.40219.1
Project("{9A19103F-16F7-4668-BE54-9A1E7A4F7556}") = "Placer.Core", "Placer.Core\Placer.Core.csproj", "{64B0310D-26C3-4D45-9BAE-F8B8F2CE3FF7}"
EndProject
Project("{9A19103F-16F7-4668-BE54-9A1E7A4F7556}") = "Placer.Db", "Placer.Db\Placer.Db.csproj", "{3EC65911-9DDD-48FF-9CCE-B79294BB3EAE}"
EndProject
Project("{9A19103F-16F7-4668-BE54-9A1E7A4F7556}") = "Placer.Seed", "Placer.Seed\Placer.Seed.csproj", "{BC7515EB-E190-411B-8F9F-F13B80C363E6}"
EndProject
Project("{9A19103F-16F7-4668-BE54-9A1E7A4F7556}") = "Placer.Api1.Types", "Placer.Api1.Types\Placer.Api1.Types.csproj", "{BDBEB437-A0FA-473B-8EB1-E46AB655F798}"
EndProject
Project("{9A19103F-16F7-4668-BE54-9A1E7A4F7556}") = "Placer.Api1.Client", "Placer.Api1.Client\Placer.Api1.Client.csproj", "{1760826C-00B6-41C6-AF00-01D5DB768D89}"
EndProject
Project("{9A19103F-16F7-4668-BE54-9A1E7A4F7556}") = "Placer.Wasm1", "Placer.Wasm1\Placer.Wasm1.csproj", "{3417F0A9-550E-435F-9E7F-7A6E8CB16FCF}"
EndProject
Project("{9A19103F-16F7-4668-BE54-9A1E7A4F7556}") = "Placer.Api1", "Placer.Api1\Placer.Api1.csproj", "{0BDA5D55-2602-4119-8E0F-EFDDDEED59BE}"
EndProject
Global
	GlobalSection(SolutionConfigurationPlatforms) = preSolution
		Debug|Any CPU = Debug|Any CPU
		Release|Any CPU = Release|Any CPU
	EndGlobalSection
	GlobalSection(ProjectConfigurationPlatforms) = postSolution
		{64B0310D-26C3-4D45-9BAE-F8B8F2CE3FF7}.Debug|Any CPU.ActiveCfg = Debug|Any CPU
		{64B0310D-26C3-4D45-9BAE-F8B8F2CE3FF7}.Debug|Any CPU.Build.0 = Debug|Any CPU
		{64B0310D-26C3-4D45-9BAE-F8B8F2CE3FF7}.Release|Any CPU.ActiveCfg = Release|Any CPU
		{64B0310D-26C3-4D45-9BAE-F8B8F2CE3FF7}.Release|Any CPU.Build.0 = Release|Any CPU
		{3EC65911-9DDD-48FF-9CCE-B79294BB3EAE}.Debug|Any CPU.ActiveCfg = Debug|Any CPU
		{3EC65911-9DDD-48FF-9CCE-B79294BB3EAE}.Debug|Any CPU.Build.0 = Debug|Any CPU
		{3EC65911-9DDD-48FF-9CCE-B79294BB3EAE}.Release|Any CPU.ActiveCfg = Release|Any CPU
		{3EC65911-9DDD-48FF-9CCE-B79294BB3EAE}.Release|Any CPU.Build.0 = Release|Any CPU
		{BC7515EB-E190-411B-8F9F-F13B80C363E6}.Debug|Any CPU.ActiveCfg = Debug|Any CPU
		{BC7515EB-E190-411B-8F9F-F13B80C363E6}.Debug|Any CPU.Build.0 = Debug|Any CPU
		{BC7515EB-E190-411B-8F9F-F13B80C363E6}.Release|Any CPU.ActiveCfg = Release|Any CPU
		{BC7515EB-E190-411B-8F9F-F13B80C363E6}.Release|Any CPU.Build.0 = Release|Any CPU
		{BDBEB437-A0FA-473B-8EB1-E46AB655F798}.Debug|Any CPU.ActiveCfg = Debug|Any CPU
		{BDBEB437-A0FA-473B-8EB1-E46AB655F798}.Debug|Any CPU.Build.0 = Debug|Any CPU
		{BDBEB437-A0FA-473B-8EB1-E46AB655F798}.Release|Any CPU.ActiveCfg = Release|Any CPU
		{BDBEB437-A0FA-473B-8EB1-E46AB655F798}.Release|Any CPU.Build.0 = Release|Any CPU
		{1760826C-00B6-41C6-AF00-01D5DB768D89}.Debug|Any CPU.ActiveCfg = Debug|Any CPU
		{1760826C-00B6-41C6-AF00-01D5DB768D89}.Debug|Any CPU.Build.0 = Debug|Any CPU
		{1760826C-00B6-41C6-AF00-01D5DB768D89}.Release|Any CPU.ActiveCfg = Release|Any CPU
		{1760826C-00B6-41C6-AF00-01D5DB768D89}.Release|Any CPU.Build.0 = Release|Any CPU
		{3417F0A9-550E-435F-9E7F-7A6E8CB16FCF}.Debug|Any CPU.ActiveCfg = Debug|Any CPU
		{3417F0A9-550E-435F-9E7F-7A6E8CB16FCF}.Debug|Any CPU.Build.0 = Debug|Any CPU
		{3417F0A9-550E-435F-9E7F-7A6E8CB16FCF}.Release|Any CPU.ActiveCfg = Release|Any CPU
		{3417F0A9-550E-435F-9E7F-7A6E8CB16FCF}.Release|Any CPU.Build.0 = Release|Any CPU
		{0BDA5D55-2602-4119-8E0F-EFDDDEED59BE}.Debug|Any CPU.ActiveCfg = Debug|Any CPU
		{0BDA5D55-2602-4119-8E0F-EFDDDEED59BE}.Debug|Any CPU.Build.0 = Debug|Any CPU
		{0BDA5D55-2602-4119-8E0F-EFDDDEED59BE}.Release|Any CPU.ActiveCfg = Release|Any CPU
		{0BDA5D55-2602-4119-8E0F-EFDDDEED59BE}.Release|Any CPU.Build.0 = Release|Any CPU
	EndGlobalSection
	GlobalSection(SolutionProperties) = preSolution
		HideSolutionNode = FALSE
	EndGlobalSection
	GlobalSection(ExtensibilityGlobals) = postSolution
		SolutionGuid = {7CDCC1F8-429A-40C1-B3B1-6EF6D02C3560}
	EndGlobalSection
EndGlobal
