
Microsoft Visual Studio Solution File, Format Version 12.00
# Visual Studio Version 16
VisualStudioVersion = 16.0.31112.23
MinimumVisualStudioVersion = 10.0.40219.1
Project("{FAE04EC0-301F-11D3-BF4B-00C04F79EFBC}") = "Placer.Core", "Placer.Core\Placer.Core.csproj", "{64B0310D-26C3-4D45-9BAE-F8B8F2CE3FF7}"
EndProject
Project("{FAE04EC0-301F-11D3-BF4B-00C04F79EFBC}") = "Placer.Db", "Placer.Db\Placer.Db.csproj", "{3EC65911-9DDD-48FF-9CCE-B79294BB3EAE}"
EndProject
Project("{FAE04EC0-301F-11D3-BF4B-00C04F79EFBC}") = "Placer.Seed", "Placer.Seed\Placer.Seed.csproj", "{BC7515EB-E190-411B-8F9F-F13B80C363E6}"
EndProject
Global
	GlobalSection(SolutionConfigurationPlatforms) = preSolution
		Debug|Any CPU = Debug|Any CPU
		Release|Any CPU = Release|Any CPU
	EndGlobalSection
	GlobalSection(ProjectConfigurationPlatforms) = postSolution
		{64B0310D-26C3-4D45-9BAE-F8B8F2CE3FF7}.Debug|Any CPU.ActiveCfg = Debug|Any CPU
		{64B0310D-26C3-4D45-9BAE-F8B8F2CE3FF7}.Debug|Any CPU.Build.0 = Debug|Any CPU
		{64B0310D-26C3-4D45-9BAE-F8B8F2CE3FF7}.Release|Any CPU.ActiveCfg = Release|Any CPU
		{64B0310D-26C3-4D45-9BAE-F8B8F2CE3FF7}.Release|Any CPU.Build.0 = Release|Any CPU
		{3EC65911-9DDD-48FF-9CCE-B79294BB3EAE}.Debug|Any CPU.ActiveCfg = Debug|Any CPU
		{3EC65911-9DDD-48FF-9CCE-B79294BB3EAE}.Debug|Any CPU.Build.0 = Debug|Any CPU
		{3EC65911-9DDD-48FF-9CCE-B79294BB3EAE}.Release|Any CPU.ActiveCfg = Release|Any CPU
		{3EC65911-9DDD-48FF-9CCE-B79294BB3EAE}.Release|Any CPU.Build.0 = Release|Any CPU
		{BC7515EB-E190-411B-8F9F-F13B80C363E6}.Debug|Any CPU.ActiveCfg = Debug|Any CPU
		{BC7515EB-E190-411B-8F9F-F13B80C363E6}.Debug|Any CPU.Build.0 = Debug|Any CPU
		{BC7515EB-E190-411B-8F9F-F13B80C363E6}.Release|Any CPU.ActiveCfg = Release|Any CPU
		{BC7515EB-E190-411B-8F9F-F13B80C363E6}.Release|Any CPU.Build.0 = Release|Any CPU
	EndGlobalSection
	GlobalSection(SolutionProperties) = preSolution
		HideSolutionNode = FALSE
	EndGlobalSection
	GlobalSection(ExtensibilityGlobals) = postSolution
		SolutionGuid = {7CDCC1F8-429A-40C1-B3B1-6EF6D02C3560}
	EndGlobalSection
EndGlobal
